{
	"name": "@whook/http-transaction",
	"version": "4.0.0-alpha.14",
	"lockfileVersion": 1,
	"requires": true,
	"dependencies": {
		"metapak-nfroidure": {
			"version": "9.7.4",
			"resolved": "https://registry.npmjs.org/metapak-nfroidure/-/metapak-nfroidure-9.7.4.tgz",
			"integrity": "sha512-Vtyr3g5T2D0tKVstsbk09bWgkIZSMg0eEwAV+xmC/8rX/fPK0pQmW5AdIj+LjJeyU1YYprymPu0Ae2oKFKT/lA==",
			"dev": true,
			"requires": {
				"escape-string-regexp": "^1.0.5",
				"yerror": "^4.0.1"
			},
			"dependencies": {
				"escape-string-regexp": {
					"version": "1.0.5",
					"resolved": "https://registry.npmjs.org/escape-string-regexp/-/escape-string-regexp-1.0.5.tgz",
					"integrity": "sha1-G2HAViGQqN/2rjuyzwIAyhMLhtQ=",
					"dev": true
				},
				"yerror": {
					"version": "4.0.1",
					"resolved": "https://registry.npmjs.org/yerror/-/yerror-4.0.1.tgz",
					"integrity": "sha512-Fv708GtSK+5sA8FEvRvuCEsIuE9jZ5ilrPpl8cRNX4Yhd4K8dGwi+9ky7O2Ghb4KRZvSifFU9mD4/j8iqeCpmg==",
					"dev": true
				}
			}
		}
	}
}
