{
	"name": "@whook/graphql",
	"version": "8.0.4",
	"lockfileVersion": 1,
	"requires": true,
	"dependencies": {
		"metapak": {
			"version": "4.0.2",
			"resolved": "https://registry.npmjs.org/metapak/-/metapak-4.0.2.tgz",
			"integrity": "sha512-reZYZK8zgsRsPmOFD+z/p1sCo9Vzh7vVgOhGyURq2ddYRCNnXIdnE/8eCUjam/+NlZBNpCxRGlY3IsuZZLCV5A==",
			"dev": true,
			"requires": {
				"bluebird": "^3.7.2",
				"chalk": "^4.1.0",
				"commander": "^7.2.0",
				"debug": "^4.3.1",
				"deep-strict-equal": "^0.2.0",
				"diff": "^5.0.0",
				"glob": "^7.1.6",
				"knifecycle": "^11.1.1",
				"mkdirp": "^1.0.4",
				"pkg-dir": "^5.0.0",
				"sort-keys": "^4.2.0",
				"yerror": "^6.0.0"
			},
			"dependencies": {
				"ansi-styles": {
					"version": "4.3.0",
					"resolved": "https://registry.npmjs.org/ansi-styles/-/ansi-styles-4.3.0.tgz",
					"integrity": "sha512-zbB9rCJAT1rbjiVDb2hqKFHNYLxgtk8NURxZ3IZwD3F6NtxbXZQCnnSi1Lkx+IDohdPlFp222wVALIheZJQSEg==",
					"dev": true,
					"requires": {
						"color-convert": "^2.0.1"
					}
				},
				"balanced-match": {
					"version": "1.0.2",
					"resolved": "https://registry.npmjs.org/balanced-match/-/balanced-match-1.0.2.tgz",
					"integrity": "sha512-3oSeUO0TMV67hN1AmbXsK4yaqU7tjiHlbxRDZOpH0KW9+CeX4bRAaX0Anxt0tx2MrpRpWwQaPwIlISEJhYU5Pw==",
					"dev": true
				},
				"bluebird": {
					"version": "3.7.2",
					"resolved": "https://registry.npmjs.org/bluebird/-/bluebird-3.7.2.tgz",
					"integrity": "sha512-XpNj6GDQzdfW+r2Wnn7xiSAd7TM3jzkxGXBGTtWKuSXv1xUV+azxAm8jdWZN06QTQk+2N2XB9jRDkvbmQmcRtg==",
					"dev": true
				},
				"brace-expansion": {
					"version": "1.1.11",
					"resolved": "https://registry.npmjs.org/brace-expansion/-/brace-expansion-1.1.11.tgz",
					"integrity": "sha512-iCuPHDFgrHX7H2vEI/5xpz07zSHB00TpugqhmYtVmMO6518mCuRMoOYFldEBl0g187ufozdaHgWKcYFb61qGiA==",
					"dev": true,
					"requires": {
						"balanced-match": "^1.0.0",
						"concat-map": "0.0.1"
					}
				},
				"buf-compare": {
					"version": "1.0.1",
					"resolved": "https://registry.npmjs.org/buf-compare/-/buf-compare-1.0.1.tgz",
					"integrity": "sha1-/vKNqLgROgoNtEMLC2Rntpcws0o=",
					"dev": true
				},
				"chalk": {
					"version": "4.1.1",
					"resolved": "https://registry.npmjs.org/chalk/-/chalk-4.1.1.tgz",
					"integrity": "sha512-diHzdDKxcU+bAsUboHLPEDQiw0qEe0qd7SYUn3HgcFlWgbDcfLGswOHYeGrHKzG9z6UYf01d9VFMfZxPM1xZSg==",
					"dev": true,
					"requires": {
						"ansi-styles": "^4.1.0",
						"supports-color": "^7.1.0"
					}
				},
				"color-convert": {
					"version": "2.0.1",
					"resolved": "https://registry.npmjs.org/color-convert/-/color-convert-2.0.1.tgz",
					"integrity": "sha512-RRECPsj7iu/xb5oKYcsFHSppFNnsj/52OVTRKb4zP5onXwVF3zVmmToNcOfGC+CRDpfK/U584fMg38ZHCaElKQ==",
					"dev": true,
					"requires": {
						"color-name": "~1.1.4"
					}
				},
				"color-name": {
					"version": "1.1.4",
					"resolved": "https://registry.npmjs.org/color-name/-/color-name-1.1.4.tgz",
					"integrity": "sha512-dOy+3AuW3a2wNbZHIuMZpTcgjGuLU/uBL/ubcZF9OXbDo8ff4O8yVp5Bf0efS8uEoYo5q4Fx7dY9OgQGXgAsQA==",
					"dev": true
				},
				"commander": {
					"version": "7.2.0",
					"resolved": "https://registry.npmjs.org/commander/-/commander-7.2.0.tgz",
					"integrity": "sha512-QrWXB+ZQSVPmIWIhtEO9H+gwHaMGYiF5ChvoJ+K9ZGHG/sVsa6yiesAD1GC/x46sET00Xlwo1u49RVVVzvcSkw==",
					"dev": true
				},
				"concat-map": {
					"version": "0.0.1",
					"resolved": "https://registry.npmjs.org/concat-map/-/concat-map-0.0.1.tgz",
					"integrity": "sha1-2Klr13/Wjfd5OnMDajug1UBdR3s=",
					"dev": true
				},
				"core-assert": {
					"version": "0.2.1",
					"resolved": "https://registry.npmjs.org/core-assert/-/core-assert-0.2.1.tgz",
					"integrity": "sha1-+F4s+b/tKPdzzIs/pcW2m9wC/j8=",
					"dev": true,
					"requires": {
						"buf-compare": "^1.0.0",
						"is-error": "^2.2.0"
					}
				},
				"debug": {
					"version": "4.3.1",
					"resolved": "https://registry.npmjs.org/debug/-/debug-4.3.1.tgz",
					"integrity": "sha512-doEwdvm4PCeK4K3RQN2ZC2BYUBaxwLARCqZmMjtF8a51J2Rb0xpVloFRnCODwqjpwnAoao4pelN8l3RJdv3gRQ==",
					"dev": true,
					"requires": {
						"ms": "2.1.2"
					}
				},
				"deep-strict-equal": {
					"version": "0.2.0",
					"resolved": "https://registry.npmjs.org/deep-strict-equal/-/deep-strict-equal-0.2.0.tgz",
					"integrity": "sha1-SgeBR6irV/ag1PVUckPNIvROtOQ=",
					"dev": true,
					"requires": {
						"core-assert": "^0.2.0"
					}
				},
				"diff": {
					"version": "5.0.0",
					"resolved": "https://registry.npmjs.org/diff/-/diff-5.0.0.tgz",
					"integrity": "sha512-/VTCrvm5Z0JGty/BWHljh+BAiw3IK+2j87NGMu8Nwc/f48WoDAC395uomO9ZD117ZOBaHmkX1oyLvkVM/aIT3w==",
					"dev": true
				},
				"find-up": {
					"version": "5.0.0",
					"resolved": "https://registry.npmjs.org/find-up/-/find-up-5.0.0.tgz",
					"integrity": "sha512-78/PXT1wlLLDgTzDs7sjq9hzz0vXD+zn+7wypEe4fXQxCmdmqfGsEPQxmiCSQI3ajFV91bVSsvNtrJRiW6nGng==",
					"dev": true,
					"requires": {
						"locate-path": "^6.0.0",
						"path-exists": "^4.0.0"
					}
				},
				"fs.realpath": {
					"version": "1.0.0",
					"resolved": "https://registry.npmjs.org/fs.realpath/-/fs.realpath-1.0.0.tgz",
					"integrity": "sha1-FQStJSMVjKpA20onh8sBQRmU6k8=",
					"dev": true
				},
				"glob": {
					"version": "7.1.7",
					"resolved": "https://registry.npmjs.org/glob/-/glob-7.1.7.tgz",
					"integrity": "sha512-OvD9ENzPLbegENnYP5UUfJIirTg4+XwMWGaQfQTY0JenxNvvIKP3U3/tAQSPIu/lHxXYSZmpXlUHeqAIdKzBLQ==",
					"dev": true,
					"requires": {
						"fs.realpath": "^1.0.0",
						"inflight": "^1.0.4",
						"inherits": "2",
						"minimatch": "^3.0.4",
						"once": "^1.3.0",
						"path-is-absolute": "^1.0.0"
					}
				},
				"has-flag": {
					"version": "4.0.0",
					"resolved": "https://registry.npmjs.org/has-flag/-/has-flag-4.0.0.tgz",
					"integrity": "sha512-EykJT/Q1KjTWctppgIAgfSO0tKVuZUjhgMr17kqTumMl6Afv3EISleU7qZUzoXDFTAHTDC4NOoG/ZxU3EvlMPQ==",
					"dev": true
				},
				"inflight": {
					"version": "1.0.6",
					"resolved": "https://registry.npmjs.org/inflight/-/inflight-1.0.6.tgz",
					"integrity": "sha1-Sb1jMdfQLQwJvJEKEHW6gWW1bfk=",
					"dev": true,
					"requires": {
						"once": "^1.3.0",
						"wrappy": "1"
					}
				},
				"inherits": {
					"version": "2.0.4",
					"resolved": "https://registry.npmjs.org/inherits/-/inherits-2.0.4.tgz",
					"integrity": "sha512-k/vGaX4/Yla3WzyMCvTQOXYeIHvqOKtnqBduzTHpzpQZzAskKMhZ2K+EnBiSM9zGSoIFeMpXKxa4dYeZIQqewQ==",
					"dev": true
				},
				"is-error": {
					"version": "2.2.2",
					"resolved": "https://registry.npmjs.org/is-error/-/is-error-2.2.2.tgz",
					"integrity": "sha512-IOQqts/aHWbiisY5DuPJQ0gcbvaLFCa7fBa9xoLfxBZvQ+ZI/Zh9xoI7Gk+G64N0FdK4AbibytHht2tWgpJWLg==",
					"dev": true
				},
				"is-plain-obj": {
					"version": "2.1.0",
					"resolved": "https://registry.npmjs.org/is-plain-obj/-/is-plain-obj-2.1.0.tgz",
					"integrity": "sha512-YWnfyRwxL/+SsrWYfOpUtz5b3YD+nyfkHvjbcanzk8zgyO4ASD67uVMRt8k5bM4lLMDnXfriRhOpemw+NfT1eA==",
					"dev": true
				},
				"knifecycle": {
					"version": "11.1.1",
					"resolved": "https://registry.npmjs.org/knifecycle/-/knifecycle-11.1.1.tgz",
					"integrity": "sha512-Q/giTQms4wYS4lBwKjrfZSe5MPQ65gqvvOLnATSLyHMpPQxUO4FT7BGZYr5xpDIteXVrqH+JR8JWmEhbmk20qw==",
					"dev": true,
					"requires": {
						"debug": "^4.3.1",
						"type-fest": "^1.0.1",
						"yerror": "^6.0.0"
					}
				},
				"locate-path": {
					"version": "6.0.0",
					"resolved": "https://registry.npmjs.org/locate-path/-/locate-path-6.0.0.tgz",
					"integrity": "sha512-iPZK6eYjbxRu3uB4/WZ3EsEIMJFMqAoopl3R+zuq0UjcAm/MO6KCweDgPfP3elTztoKP3KtnVHxTn2NHBSDVUw==",
					"dev": true,
					"requires": {
						"p-locate": "^5.0.0"
					}
				},
				"minimatch": {
					"version": "3.0.4",
					"resolved": "https://registry.npmjs.org/minimatch/-/minimatch-3.0.4.tgz",
					"integrity": "sha512-yJHVQEhyqPLUTgt9B83PXu6W3rx4MvvHvSUvToogpwoGDOUQ+yDrR0HRot+yOCdCO7u4hX3pWft6kWBBcqh0UA==",
					"dev": true,
					"requires": {
						"brace-expansion": "^1.1.7"
					}
				},
				"mkdirp": {
					"version": "1.0.4",
					"resolved": "https://registry.npmjs.org/mkdirp/-/mkdirp-1.0.4.tgz",
					"integrity": "sha512-vVqVZQyf3WLx2Shd0qJ9xuvqgAyKPLAiqITEtqW0oIUjzo3PePDd6fW9iFz30ef7Ysp/oiWqbhszeGWW2T6Gzw==",
					"dev": true
				},
				"ms": {
					"version": "2.1.2",
					"resolved": "https://registry.npmjs.org/ms/-/ms-2.1.2.tgz",
					"integrity": "sha512-sGkPx+VjMtmA6MX27oA4FBFELFCZZ4S4XqeGOXCv68tT+jb3vk/RyaKWP0PTKyWtmLSM0b+adUTEvbs1PEaH2w==",
					"dev": true
				},
				"once": {
					"version": "1.4.0",
					"resolved": "https://registry.npmjs.org/once/-/once-1.4.0.tgz",
					"integrity": "sha1-WDsap3WWHUsROsF9nFC6753Xa9E=",
					"dev": true,
					"requires": {
						"wrappy": "1"
					}
				},
				"p-limit": {
					"version": "3.1.0",
					"resolved": "https://registry.npmjs.org/p-limit/-/p-limit-3.1.0.tgz",
					"integrity": "sha512-TYOanM3wGwNGsZN2cVTYPArw454xnXj5qmWF1bEoAc4+cU/ol7GVh7odevjp1FNHduHc3KZMcFduxU5Xc6uJRQ==",
					"dev": true,
					"requires": {
						"yocto-queue": "^0.1.0"
					}
				},
				"p-locate": {
					"version": "5.0.0",
					"resolved": "https://registry.npmjs.org/p-locate/-/p-locate-5.0.0.tgz",
					"integrity": "sha512-LaNjtRWUBY++zB5nE/NwcaoMylSPk+S+ZHNB1TzdbMJMny6dynpAGt7X/tl/QYq3TIeE6nxHppbo2LGymrG5Pw==",
					"dev": true,
					"requires": {
						"p-limit": "^3.0.2"
					}
				},
				"path-exists": {
					"version": "4.0.0",
					"resolved": "https://registry.npmjs.org/path-exists/-/path-exists-4.0.0.tgz",
					"integrity": "sha512-ak9Qy5Q7jYb2Wwcey5Fpvg2KoAc/ZIhLSLOSBmRmygPsGwkVVt0fZa0qrtMz+m6tJTAHfZQ8FnmB4MG4LWy7/w==",
					"dev": true
				},
				"path-is-absolute": {
					"version": "1.0.1",
					"resolved": "https://registry.npmjs.org/path-is-absolute/-/path-is-absolute-1.0.1.tgz",
					"integrity": "sha1-F0uSaHNVNP+8es5r9TpanhtcX18=",
					"dev": true
				},
				"pkg-dir": {
					"version": "5.0.0",
					"resolved": "https://registry.npmjs.org/pkg-dir/-/pkg-dir-5.0.0.tgz",
					"integrity": "sha512-NPE8TDbzl/3YQYY7CSS228s3g2ollTFnc+Qi3tqmqJp9Vg2ovUpixcJEo2HJScN2Ez+kEaal6y70c0ehqJBJeA==",
					"dev": true,
					"requires": {
						"find-up": "^5.0.0"
					}
				},
				"sort-keys": {
					"version": "4.2.0",
					"resolved": "https://registry.npmjs.org/sort-keys/-/sort-keys-4.2.0.tgz",
					"integrity": "sha512-aUYIEU/UviqPgc8mHR6IW1EGxkAXpeRETYcrzg8cLAvUPZcpAlleSXHV2mY7G12GphSH6Gzv+4MMVSSkbdteHg==",
					"dev": true,
					"requires": {
						"is-plain-obj": "^2.0.0"
					}
				},
				"supports-color": {
					"version": "7.2.0",
					"resolved": "https://registry.npmjs.org/supports-color/-/supports-color-7.2.0.tgz",
					"integrity": "sha512-qpCAvRl9stuOHveKsn7HncJRvv501qIacKzQlO/+Lwxc9+0q2wLyv4Dfvt80/DPn2pqOBsJdDiogXGR9+OvwRw==",
					"dev": true,
					"requires": {
						"has-flag": "^4.0.0"
					}
				},
				"type-fest": {
					"version": "1.2.0",
					"resolved": "https://registry.npmjs.org/type-fest/-/type-fest-1.2.0.tgz",
					"integrity": "sha512-++0N6KyAj0t2webXst0PE0xuXb4Dv3z1Z+4SGzK+j/epeWBZCfkQbkW/ezscZwpinmBQ5wu/l4TqagKSVcAGCA==",
					"dev": true
				},
				"wrappy": {
					"version": "1.0.2",
					"resolved": "https://registry.npmjs.org/wrappy/-/wrappy-1.0.2.tgz",
					"integrity": "sha1-tSQ9jz7BqjXxNkYFvA0QNuMKtp8=",
					"dev": true
				},
				"yerror": {
					"version": "6.0.1",
					"resolved": "https://registry.npmjs.org/yerror/-/yerror-6.0.1.tgz",
					"integrity": "sha512-0Bxo+NyeucjxhmPB5z3lmI/N/cOu8L1Q8JVta6/I5G6J/JhCSSPwk8qt9N4yOFSjwkvhDwzUSQglfBIAllvi1Q==",
					"dev": true
				},
				"yocto-queue": {
					"version": "0.1.0",
					"resolved": "https://registry.npmjs.org/yocto-queue/-/yocto-queue-0.1.0.tgz",
					"integrity": "sha512-rVksvsnNCdJ/ohGc6xgPwyN8eheCxsiLM8mxuE/t/mOVqJewPuO1miLpTHQiRgTKCLexL4MeAFVagts7HmNZ2Q==",
					"dev": true
				}
			}
		},
		"metapak-nfroidure": {
			"version": "11.0.7",
			"resolved": "https://registry.npmjs.org/metapak-nfroidure/-/metapak-nfroidure-11.0.7.tgz",
			"integrity": "sha512-ME0403GP7d1bjLaSav7ke6eY+hsUzPjkX8u8hcH7yr0h/0Lfis7CEJwj8XjZ2Mibjz2yZWg4ikERwNomLK6BrA==",
			"dev": true,
			"requires": {
				"escape-string-regexp": "^4.0.0",
				"rimraf": "^3.0.2",
				"yerror": "^6.0.0"
			},
			"dependencies": {
				"balanced-match": {
					"version": "1.0.2",
					"resolved": "https://registry.npmjs.org/balanced-match/-/balanced-match-1.0.2.tgz",
					"integrity": "sha512-3oSeUO0TMV67hN1AmbXsK4yaqU7tjiHlbxRDZOpH0KW9+CeX4bRAaX0Anxt0tx2MrpRpWwQaPwIlISEJhYU5Pw==",
					"dev": true
				},
				"brace-expansion": {
					"version": "1.1.11",
					"resolved": "https://registry.npmjs.org/brace-expansion/-/brace-expansion-1.1.11.tgz",
					"integrity": "sha512-iCuPHDFgrHX7H2vEI/5xpz07zSHB00TpugqhmYtVmMO6518mCuRMoOYFldEBl0g187ufozdaHgWKcYFb61qGiA==",
					"dev": true,
					"requires": {
						"balanced-match": "^1.0.0",
						"concat-map": "0.0.1"
					}
				},
				"concat-map": {
					"version": "0.0.1",
					"resolved": "https://registry.npmjs.org/concat-map/-/concat-map-0.0.1.tgz",
					"integrity": "sha1-2Klr13/Wjfd5OnMDajug1UBdR3s=",
					"dev": true
				},
				"escape-string-regexp": {
					"version": "4.0.0",
					"resolved": "https://registry.npmjs.org/escape-string-regexp/-/escape-string-regexp-4.0.0.tgz",
					"integrity": "sha512-TtpcNJ3XAzx3Gq8sWRzJaVajRs0uVxA2YAkdb1jm2YkPz4G6egUFAyA3n5vtEIZefPk5Wa4UXbKuS5fKkJWdgA==",
					"dev": true
				},
				"fs.realpath": {
					"version": "1.0.0",
					"resolved": "https://registry.npmjs.org/fs.realpath/-/fs.realpath-1.0.0.tgz",
					"integrity": "sha1-FQStJSMVjKpA20onh8sBQRmU6k8=",
					"dev": true
				},
				"glob": {
					"version": "7.1.7",
					"resolved": "https://registry.npmjs.org/glob/-/glob-7.1.7.tgz",
					"integrity": "sha512-OvD9ENzPLbegENnYP5UUfJIirTg4+XwMWGaQfQTY0JenxNvvIKP3U3/tAQSPIu/lHxXYSZmpXlUHeqAIdKzBLQ==",
					"dev": true,
					"requires": {
						"fs.realpath": "^1.0.0",
						"inflight": "^1.0.4",
						"inherits": "2",
						"minimatch": "^3.0.4",
						"once": "^1.3.0",
						"path-is-absolute": "^1.0.0"
					}
				},
				"inflight": {
					"version": "1.0.6",
					"resolved": "https://registry.npmjs.org/inflight/-/inflight-1.0.6.tgz",
					"integrity": "sha1-Sb1jMdfQLQwJvJEKEHW6gWW1bfk=",
					"dev": true,
					"requires": {
						"once": "^1.3.0",
						"wrappy": "1"
					}
				},
				"inherits": {
					"version": "2.0.4",
					"resolved": "https://registry.npmjs.org/inherits/-/inherits-2.0.4.tgz",
					"integrity": "sha512-k/vGaX4/Yla3WzyMCvTQOXYeIHvqOKtnqBduzTHpzpQZzAskKMhZ2K+EnBiSM9zGSoIFeMpXKxa4dYeZIQqewQ==",
					"dev": true
				},
				"minimatch": {
					"version": "3.0.4",
					"resolved": "https://registry.npmjs.org/minimatch/-/minimatch-3.0.4.tgz",
					"integrity": "sha512-yJHVQEhyqPLUTgt9B83PXu6W3rx4MvvHvSUvToogpwoGDOUQ+yDrR0HRot+yOCdCO7u4hX3pWft6kWBBcqh0UA==",
					"dev": true,
					"requires": {
						"brace-expansion": "^1.1.7"
					}
				},
				"once": {
					"version": "1.4.0",
					"resolved": "https://registry.npmjs.org/once/-/once-1.4.0.tgz",
					"integrity": "sha1-WDsap3WWHUsROsF9nFC6753Xa9E=",
					"dev": true,
					"requires": {
						"wrappy": "1"
					}
				},
				"path-is-absolute": {
					"version": "1.0.1",
					"resolved": "https://registry.npmjs.org/path-is-absolute/-/path-is-absolute-1.0.1.tgz",
					"integrity": "sha1-F0uSaHNVNP+8es5r9TpanhtcX18=",
					"dev": true
				},
				"rimraf": {
					"version": "3.0.2",
					"resolved": "https://registry.npmjs.org/rimraf/-/rimraf-3.0.2.tgz",
					"integrity": "sha512-JZkJMZkAGFFPP2YqXZXPbMlMBgsxzE8ILs4lMIX/2o0L9UBw9O/Y3o6wFw/i9YLapcUJWwqbi3kdxIPdC62TIA==",
					"dev": true,
					"requires": {
						"glob": "^7.1.3"
					}
				},
				"wrappy": {
					"version": "1.0.2",
					"resolved": "https://registry.npmjs.org/wrappy/-/wrappy-1.0.2.tgz",
					"integrity": "sha1-tSQ9jz7BqjXxNkYFvA0QNuMKtp8=",
					"dev": true
				},
				"yerror": {
					"version": "6.0.1",
					"resolved": "https://registry.npmjs.org/yerror/-/yerror-6.0.1.tgz",
					"integrity": "sha512-0Bxo+NyeucjxhmPB5z3lmI/N/cOu8L1Q8JVta6/I5G6J/JhCSSPwk8qt9N4yOFSjwkvhDwzUSQglfBIAllvi1Q==",
					"dev": true
				}
			}
		}
	}
}
