{
  "name": "create-whook",
  "version": "0.0.0",
  "lockfileVersion": 1,
  "requires": true,
  "dependencies": {
    "@babel/node": {
      "version": "7.2.2",
      "resolved": "https://registry.npmjs.org/@babel/node/-/node-7.2.2.tgz",
      "integrity": "sha512-jPqgTycE26uFsuWpLika9Ohz9dmLQHWjOnMNxBOjYb1HXO+eLKxEr5FfKSXH/tBvFwwaw+pzke3gagnurGOfCA==",
      "dev": true,
      "requires": {
        "@babel/polyfill": "^7.0.0",
        "@babel/register": "^7.0.0",
        "commander": "^2.8.1",
        "lodash": "^4.17.10",
        "v8flags": "^3.1.1"
      }
    },
    "@babel/polyfill": {
      "version": "7.2.5",
      "resolved": "https://registry.npmjs.org/@babel/polyfill/-/polyfill-7.2.5.tgz",
      "integrity": "sha512-8Y/t3MWThtMLYr0YNC/Q76tqN1w30+b0uQMeFUYauG2UGTR19zyUtFrAzT23zNtBxPp+LbE5E/nwV/q/r3y6ug==",
      "dev": true,
      "requires": {
        "core-js": "^2.5.7",
        "regenerator-runtime": "^0.12.0"
      },
      "dependencies": {
        "regenerator-runtime": {
          "version": "0.12.1",
          "resolved": "https://registry.npmjs.org/regenerator-runtime/-/regenerator-runtime-0.12.1.tgz",
          "integrity": "sha512-odxIc1/vDlo4iZcfXqRYFj0vpXFNoGdKMAUieAlFYO6m/nl5e9KR/beGf41z4a1FI+aQgtjhuaSlDxQ0hmkrHg==",
          "dev": true
        }
      }
    },
    "@babel/register": {
      "version": "7.0.0",
      "resolved": "https://registry.npmjs.org/@babel/register/-/register-7.0.0.tgz",
      "integrity": "sha512-f/+CRmaCe7rVEvcvPvxeA8j5aJhHC3aJie7YuqcMDhUOuyWLA7J/aNrTaHIzoWPEhpHA54mec4Mm8fv8KBlv3g==",
      "dev": true,
      "requires": {
        "core-js": "^2.5.7",
        "find-cache-dir": "^1.0.0",
        "home-or-tmp": "^3.0.0",
        "lodash": "^4.17.10",
        "mkdirp": "^0.5.1",
        "pirates": "^4.0.0",
        "source-map-support": "^0.5.9"
      }
    },
    "@stiligita/constants": {
      "version": "1.0.0-0",
      "resolved": "https://registry.npmjs.org/@stiligita/constants/-/constants-1.0.0-0.tgz",
      "integrity": "sha512-lDrQuFkKRiG/YHa71hWLOiRpiAvsG9stTb3yizjNBV27QRi5TqLjrM1WEkprvrjeZpiEjXNXH3Kz7Jnng7JTCQ==",
      "dev": true
    },
    "@stiligita/core": {
      "version": "1.0.0-0",
      "resolved": "https://registry.npmjs.org/@stiligita/core/-/core-1.0.0-0.tgz",
      "integrity": "sha512-9vFUJARAQQzljemVKvrJTQ1xb1ZDhzjH1MP722tlDjygd8CPgi0m6WIVXXpqLFGG2h5gFxWSzcAZI/a/AKAGzw==",
      "dev": true,
      "requires": {
        "@stiligita/constants": "^1.0.0-0",
        "@stiligita/dom": "^1.0.0-0",
        "@stiligita/dom-elements": "^1.0.0-0"
      }
    },
    "@stiligita/dom": {
      "version": "1.0.0-0",
      "resolved": "https://registry.npmjs.org/@stiligita/dom/-/dom-1.0.0-0.tgz",
      "integrity": "sha512-7tAugrbH5V8a44qB00tqasbfPuhQv4UCNr88l+BjzPffluqDvKa3N2m3m7XGOQBVkVMYHi8HGlLZnWSVSu5xig==",
      "dev": true,
      "requires": {
        "@stiligita/constants": "^1.0.0-0"
      }
    },
    "@stiligita/dom-elements": {
      "version": "1.0.0-0",
      "resolved": "https://registry.npmjs.org/@stiligita/dom-elements/-/dom-elements-1.0.0-0.tgz",
      "integrity": "sha512-WFjVHN8bm/6GxmxgPuVjOjtT41Azn4QaMn090F2BCYx8vh/AvN2TpHXJiuCfOYtdDtZ1AQK2x7qdpF7BAZ5ILg==",
      "dev": true,
      "requires": {
        "@stiligita/utils": "^1.0.0-0"
      }
    },
    "@stiligita/hash-code": {
      "version": "1.0.0-0",
      "resolved": "https://registry.npmjs.org/@stiligita/hash-code/-/hash-code-1.0.0-0.tgz",
      "integrity": "sha512-ZDKVLZVmwtA+/e5WyidITspB+nH9LQ1RSfj43CwDubuWXgqJT3u6ya/9r0eu5JRhTzsLWUHHPveqFLzBozUpDg==",
      "dev": true
    },
    "@stiligita/keyframes": {
      "version": "1.0.0-0",
      "resolved": "https://registry.npmjs.org/@stiligita/keyframes/-/keyframes-1.0.0-0.tgz",
      "integrity": "sha512-T5fB0Ff0Fgj4JJTqBjugHpoWzB6bGrBJj3zpu7xxsbq2+Sw6sg/3bPQF6Dk7j1FaNk2KeEL9GDCiLh2oZKyghg==",
      "dev": true,
      "requires": {
        "@stiligita/hash-code": "^1.0.0-0",
        "@stiligita/store": "^1.0.0-0",
        "@stiligita/templates": "^1.0.0-0"
      }
    },
    "@stiligita/react": {
      "version": "1.0.0-0",
      "resolved": "https://registry.npmjs.org/@stiligita/react/-/react-1.0.0-0.tgz",
      "integrity": "sha512-Lk3pK6OEGu2bBTt4ZZaE/SEPpIYiUpIQN7LwCJWKpsnfbaqs6dD1rqrD/GUH/OJs2jM3ZUc3c+rMej/zxV0MpA==",
      "dev": true,
      "requires": {
        "@stiligita/constants": "^1.0.0-0",
        "@stiligita/core": "^1.0.0-0",
        "@stiligita/dom": "^1.0.0-0",
        "@stiligita/hash-code": "^1.0.0-0",
        "@stiligita/keyframes": "^1.0.0-0",
        "@stiligita/store": "^1.0.0-0",
        "@stiligita/stylesheets": "^1.0.0-0",
        "@stiligita/templates": "^1.0.0-0",
        "@stiligita/utils": "^1.0.0-0"
      }
    },
    "@stiligita/store": {
      "version": "1.0.0-0",
      "resolved": "https://registry.npmjs.org/@stiligita/store/-/store-1.0.0-0.tgz",
      "integrity": "sha512-kFKC9bEYt5142N07P3b8Ly0r5R0yF3V2aAQHjf2oq6iY/ZFeDKzQ+pVUf+KKL7nRiVk9dnXltAVKmtsVaBebeg==",
      "dev": true,
      "requires": {
        "@stiligita/dom": "^1.0.0-0",
        "@stiligita/stylesheets": "^1.0.0-0",
        "@stiligita/utils": "^1.0.0-0"
      }
    },
    "@stiligita/stylesheets": {
      "version": "1.0.0-0",
      "resolved": "https://registry.npmjs.org/@stiligita/stylesheets/-/stylesheets-1.0.0-0.tgz",
      "integrity": "sha512-tOPRnUyZtbBmz50y28BKD3Ip4IxPxKMwFqcFc92qiy5XDNH84Q6duLFlcVM0EMUdNiL0/UMbf7+jBIboZn4Lfg==",
      "dev": true,
      "requires": {
        "@stiligita/constants": "^1.0.0-0",
        "@stiligita/dom": "^1.0.0-0",
        "@stiligita/store": "^1.0.0-0"
      }
    },
    "@stiligita/templates": {
      "version": "1.0.0-0",
      "resolved": "https://registry.npmjs.org/@stiligita/templates/-/templates-1.0.0-0.tgz",
      "integrity": "sha512-2GpffrhWKX1xGgmKss1dG4xcNTiRNwB5oJQCVnL8Ikc5jQDjsd2wGpp78DY1bcMepSD/me+0q1CsjM5hgFbjdw==",
      "dev": true,
      "requires": {
        "@stiligita/utils": "^1.0.0-0"
      }
    },
    "@stiligita/utils": {
      "version": "1.0.0-0",
      "resolved": "https://registry.npmjs.org/@stiligita/utils/-/utils-1.0.0-0.tgz",
      "integrity": "sha512-8RRAMOB+vEC8FknZtoNKQnttATUN9uERYFC7+qjsd3X3UTb3o2oqVmLFU/kUY5Q72PxbBQqX7u0NAEnEytuMtA==",
      "dev": true
    },
    "@types/prop-types": {
      "version": "15.5.8",
      "resolved": "https://registry.npmjs.org/@types/prop-types/-/prop-types-15.5.8.tgz",
      "integrity": "sha512-3AQoUxQcQtLHsK25wtTWIoIpgYjH3vSDroZOUr7PpCHw/jLY1RB9z9E8dBT/OSmwStVgkRNvdh+ZHNiomRieaw==",
      "dev": true
    },
    "@types/react": {
      "version": "16.8.2",
      "resolved": "https://registry.npmjs.org/@types/react/-/react-16.8.2.tgz",
      "integrity": "sha512-6mcKsqlqkN9xADrwiUz2gm9Wg4iGnlVGciwBRYFQSMWG6MQjhOZ/AVnxn+6v8nslFgfYTV8fNdE6XwKu6va5PA==",
      "dev": true,
      "requires": {
        "@types/prop-types": "*",
        "csstype": "^2.2.0"
      }
    },
    "@types/react-dom": {
      "version": "16.8.0",
      "resolved": "https://registry.npmjs.org/@types/react-dom/-/react-dom-16.8.0.tgz",
      "integrity": "sha512-Jp4ufcEEjVJEB0OHq2MCZcE1u3KYUKO6WnSuiU/tZeYeiZxUoQavfa/TZeiIT+1XoN6l0lQVNM30VINZFDeolQ==",
      "dev": true,
      "requires": {
        "@types/react": "*"
      }
    },
    "abcq": {
      "version": "0.2.2",
      "resolved": "https://registry.npmjs.org/abcq/-/abcq-0.2.2.tgz",
      "integrity": "sha1-xPp3/T81zrP6xXeyt1oyW+5qJ3k=",
      "dev": true
    },
    "ansi-to-rgb": {
      "version": "1.0.0",
      "resolved": "https://registry.npmjs.org/ansi-to-rgb/-/ansi-to-rgb-1.0.0.tgz",
      "integrity": "sha1-GpzpaGXxkmcMEAv7DdrOlmdad4I=",
      "dev": true
    },
    "buffer-from": {
      "version": "1.1.1",
      "resolved": "https://registry.npmjs.org/buffer-from/-/buffer-from-1.1.1.tgz",
      "integrity": "sha512-MQcXEUbCKtEo7bhqEs6560Hyd4XaovZlO/k9V3hjVUF/zwW7KBVdSK4gIt/bzwS9MbR5qob+F5jusZsb0YQK2A==",
      "dev": true
    },
    "commander": {
      "version": "2.19.0",
      "resolved": "https://registry.npmjs.org/commander/-/commander-2.19.0.tgz",
      "integrity": "sha512-6tvAOO+D6OENvRAh524Dh9jcfKTYDQAqvqezbCW82xj5X0pSrcpxtvRKHLG0yBY6SD7PSDrJaj+0AiOcKVd1Xg==",
      "dev": true
    },
    "commondir": {
      "version": "1.0.1",
      "resolved": "https://registry.npmjs.org/commondir/-/commondir-1.0.1.tgz",
      "integrity": "sha1-3dgA2gxmEnOTzKWVDqloo6rxJTs=",
      "dev": true
    },
    "core-js": {
      "version": "2.5.7",
      "resolved": "https://registry.npmjs.org/core-js/-/core-js-2.5.7.tgz",
      "integrity": "sha512-RszJCAxg/PP6uzXVXL6BsxSXx/B05oJAQ2vkJRjyjrEcNVycaqOmNb5OTxZPE3xa5gwZduqza6L9JOCenh/Ecw==",
      "dev": true
    },
    "csstype": {
      "version": "2.6.2",
      "resolved": "https://registry.npmjs.org/csstype/-/csstype-2.6.2.tgz",
      "integrity": "sha512-Rl7PvTae0pflc1YtxtKbiSqq20Ts6vpIYOD5WBafl4y123DyHUeLrRdQP66sQW8/6gmX8jrYJLXwNeMqYVJcow==",
      "dev": true
    },
    "find-cache-dir": {
      "version": "1.0.0",
      "resolved": "https://registry.npmjs.org/find-cache-dir/-/find-cache-dir-1.0.0.tgz",
      "integrity": "sha1-kojj6ePMN0hxfTnq3hfPcfww7m8=",
      "dev": true,
      "requires": {
        "commondir": "^1.0.1",
        "make-dir": "^1.0.0",
        "pkg-dir": "^2.0.0"
      }
    },
    "find-up": {
      "version": "2.1.0",
      "resolved": "https://registry.npmjs.org/find-up/-/find-up-2.1.0.tgz",
      "integrity": "sha1-RdG35QbHF93UgndaK3eSCjwMV6c=",
      "dev": true,
      "requires": {
        "locate-path": "^2.0.0"
      }
    },
    "home-or-tmp": {
      "version": "3.0.0",
      "resolved": "https://registry.npmjs.org/home-or-tmp/-/home-or-tmp-3.0.0.tgz",
      "integrity": "sha1-V6j+JM8zzdUkhgoVgh3cJchmcfs=",
      "dev": true
    },
    "homedir-polyfill": {
      "version": "1.0.1",
      "resolved": "https://registry.npmjs.org/homedir-polyfill/-/homedir-polyfill-1.0.1.tgz",
      "integrity": "sha1-TCu8inWJmP7r9e1oWA921GdotLw=",
      "dev": true,
      "requires": {
        "parse-passwd": "^1.0.0"
      }
    },
    "js-tokens": {
      "version": "4.0.0",
      "resolved": "https://registry.npmjs.org/js-tokens/-/js-tokens-4.0.0.tgz",
      "integrity": "sha512-RdJUflcE3cUzKiMqQgsCu06FPu9UdIJO0beYbPhHN4k6apgJtifcoCtT9bcxOpYBtpD2kCM6Sbzg4CausW/PKQ==",
      "dev": true
    },
    "load-asciicast": {
      "version": "1.1.0",
      "resolved": "https://registry.npmjs.org/load-asciicast/-/load-asciicast-1.1.0.tgz",
      "integrity": "sha1-28ae8GHgErEFMDOHPpXs2q9RLRk=",
      "dev": true
    },
    "locate-path": {
      "version": "2.0.0",
      "resolved": "https://registry.npmjs.org/locate-path/-/locate-path-2.0.0.tgz",
      "integrity": "sha1-K1aLJl7slExtnA3pw9u7ygNUzY4=",
      "dev": true,
      "requires": {
        "p-locate": "^2.0.0",
        "path-exists": "^3.0.0"
      }
    },
    "lodash": {
      "version": "4.17.11",
      "resolved": "https://registry.npmjs.org/lodash/-/lodash-4.17.11.tgz",
      "integrity": "sha512-cQKh8igo5QUhZ7lg38DYWAxMvjSAKG0A8wGSVimP07SIUEK2UO+arSRKbRZWtelMtN5V0Hkwh5ryOto/SshYIg==",
      "dev": true
    },
    "loose-envify": {
      "version": "1.4.0",
      "resolved": "https://registry.npmjs.org/loose-envify/-/loose-envify-1.4.0.tgz",
      "integrity": "sha512-lyuxPGr/Wfhrlem2CL/UcnUc1zcqKAImBDzukY7Y5F/yQiNdko6+fRLevlw1HgMySw7f611UIY408EtxRSoK3Q==",
      "dev": true,
      "requires": {
        "js-tokens": "^3.0.0 || ^4.0.0"
      }
    },
    "make-dir": {
      "version": "1.3.0",
      "resolved": "https://registry.npmjs.org/make-dir/-/make-dir-1.3.0.tgz",
      "integrity": "sha512-2w31R7SJtieJJnQtGc7RVL2StM2vGYVfqUOvUDxH6bC6aJTxPxTF0GnIgCyu7tjockiUWAYQRbxa7vKn34s5sQ==",
      "dev": true,
      "requires": {
        "pify": "^3.0.0"
      }
    },
    "mkdirp": {
      "version": "0.5.1",
      "resolved": "http://registry.npmjs.org/mkdirp/-/mkdirp-0.5.1.tgz",
      "integrity": "sha1-MAV0OOrGz3+MR2fzhkjWaX11yQM=",
      "dev": true,
      "requires": {
        "minimist": "0.0.8"
      },
      "dependencies": {
        "minimist": {
          "version": "0.0.8",
          "resolved": "http://registry.npmjs.org/minimist/-/minimist-0.0.8.tgz",
          "integrity": "sha1-hX/Kv8M5fSYluCKCYuhqp6ARsF0=",
          "dev": true
        }
      }
    },
    "node-modules-regexp": {
      "version": "1.0.0",
      "resolved": "https://registry.npmjs.org/node-modules-regexp/-/node-modules-regexp-1.0.0.tgz",
      "integrity": "sha1-jZ2+KJZKSsVxLpExZCEHxx6Q7EA=",
      "dev": true
    },
    "object-assign": {
      "version": "4.1.1",
      "resolved": "https://registry.npmjs.org/object-assign/-/object-assign-4.1.1.tgz",
      "integrity": "sha1-IQmtx5ZYh8/AXLvUQsrIv7s2CGM=",
      "dev": true
    },
    "object-hash": {
      "version": "1.3.1",
      "resolved": "https://registry.npmjs.org/object-hash/-/object-hash-1.3.1.tgz",
      "integrity": "sha512-OSuu/pU4ENM9kmREg0BdNrUDIl1heYa4mBZacJc+vVWz4GtAwu7jO8s4AIt2aGRUTqxykpWzI3Oqnsm13tTMDA==",
      "dev": true
    },
    "p-limit": {
      "version": "1.3.0",
      "resolved": "https://registry.npmjs.org/p-limit/-/p-limit-1.3.0.tgz",
      "integrity": "sha512-vvcXsLAJ9Dr5rQOPk7toZQZJApBl2K4J6dANSsEuh6QI41JYcsS/qhTGa9ErIUUgK3WNQoJYvylxvjqmiqEA9Q==",
      "dev": true,
      "requires": {
        "p-try": "^1.0.0"
      }
    },
    "p-locate": {
      "version": "2.0.0",
      "resolved": "https://registry.npmjs.org/p-locate/-/p-locate-2.0.0.tgz",
      "integrity": "sha1-IKAQOyIqcMj9OcwuWAaA893l7EM=",
      "dev": true,
      "requires": {
        "p-limit": "^1.1.0"
      }
    },
    "p-try": {
      "version": "1.0.0",
      "resolved": "https://registry.npmjs.org/p-try/-/p-try-1.0.0.tgz",
      "integrity": "sha1-y8ec26+P1CKOE/Yh8rGiN8GyB7M=",
      "dev": true
    },
    "parse-passwd": {
      "version": "1.0.0",
      "resolved": "https://registry.npmjs.org/parse-passwd/-/parse-passwd-1.0.0.tgz",
      "integrity": "sha1-bVuTSkVpk7I9N/QKOC1vFmao5cY=",
      "dev": true
    },
    "path-exists": {
      "version": "3.0.0",
      "resolved": "https://registry.npmjs.org/path-exists/-/path-exists-3.0.0.tgz",
      "integrity": "sha1-zg6+ql94yxiSXqfYENe1mwEP1RU=",
      "dev": true
    },
    "pify": {
      "version": "3.0.0",
      "resolved": "https://registry.npmjs.org/pify/-/pify-3.0.0.tgz",
      "integrity": "sha1-5aSs0sEB/fPZpNB/DbxNtJ3SgXY=",
      "dev": true
    },
    "pirates": {
      "version": "4.0.0",
      "resolved": "https://registry.npmjs.org/pirates/-/pirates-4.0.0.tgz",
      "integrity": "sha512-8t5BsXy1LUIjn3WWOlOuFDuKswhQb/tkak641lvBgmPOBUQHXveORtlMCp6OdPV1dtuTaEahKA8VNz6uLfKBtA==",
      "dev": true,
      "requires": {
        "node-modules-regexp": "^1.0.0"
      }
    },
    "pkg-dir": {
      "version": "2.0.0",
      "resolved": "https://registry.npmjs.org/pkg-dir/-/pkg-dir-2.0.0.tgz",
      "integrity": "sha1-9tXREJ4Z1j7fQo4L1X4Sd3YVM0s=",
      "dev": true,
      "requires": {
        "find-up": "^2.1.0"
      }
    },
    "prop-types": {
      "version": "15.7.1",
      "resolved": "https://registry.npmjs.org/prop-types/-/prop-types-15.7.1.tgz",
      "integrity": "sha512-f8Lku2z9kERjOCcnDOPm68EBJAO2K00Q5mSgPAUE/gJuBgsYLbVy6owSrtcHj90zt8PvW+z0qaIIgsIhHOa1Qw==",
      "dev": true,
      "requires": {
        "object-assign": "^4.1.1",
        "react-is": "^16.8.1"
      }
    },
    "react": {
      "version": "16.8.1",
      "resolved": "https://registry.npmjs.org/react/-/react-16.8.1.tgz",
      "integrity": "sha512-wLw5CFGPdo7p/AgteFz7GblI2JPOos0+biSoxf1FPsGxWQZdN/pj6oToJs1crn61DL3Ln7mN86uZ4j74p31ELQ==",
      "dev": true,
      "requires": {
        "loose-envify": "^1.1.0",
        "object-assign": "^4.1.1",
        "prop-types": "^15.6.2",
        "scheduler": "^0.13.1"
      }
    },
    "react-dom": {
      "version": "16.8.1",
      "resolved": "https://registry.npmjs.org/react-dom/-/react-dom-16.8.1.tgz",
      "integrity": "sha512-N74IZUrPt6UiDjXaO7UbDDFXeUXnVhZzeRLy/6iqqN1ipfjrhR60Bp5NuBK+rv3GMdqdIuwIl22u1SYwf330bg==",
      "dev": true,
      "requires": {
        "loose-envify": "^1.1.0",
        "object-assign": "^4.1.1",
        "prop-types": "^15.6.2",
        "scheduler": "^0.13.1"
      }
    },
    "react-is": {
      "version": "16.8.1",
      "resolved": "https://registry.npmjs.org/react-is/-/react-is-16.8.1.tgz",
      "integrity": "sha512-ioMCzVDWvCvKD8eeT+iukyWrBGrA3DiFYkXfBsVYIRdaREZuBjENG+KjrikavCLasozqRWTwFUagU/O4vPpRMA==",
      "dev": true
    },
    "scheduler": {
      "version": "0.13.1",
      "resolved": "https://registry.npmjs.org/scheduler/-/scheduler-0.13.1.tgz",
      "integrity": "sha512-VJKOkiKIN2/6NOoexuypwSrybx13MY7NSy9RNt8wPvZDMRT1CW6qlpF5jXRToXNHz3uWzbm2elNpZfXfGPqP9A==",
      "dev": true,
      "requires": {
        "loose-envify": "^1.1.0",
        "object-assign": "^4.1.1"
      }
    },
    "source-map-support": {
      "version": "0.5.9",
      "resolved": "https://registry.npmjs.org/source-map-support/-/source-map-support-0.5.9.tgz",
      "integrity": "sha512-gR6Rw4MvUlYy83vP0vxoVNzM6t8MUXqNuRsuBmBHQDu1Fh6X015FrLdgoDKcNdkwGubozq0P4N0Q37UyFVr1EA==",
      "dev": true,
      "requires": {
        "buffer-from": "^1.0.0",
        "source-map": "^0.6.0"
      },
      "dependencies": {
        "source-map": {
          "version": "0.6.1",
          "resolved": "https://registry.npmjs.org/source-map/-/source-map-0.6.1.tgz",
          "integrity": "sha512-UjgapumWlbMhkBgzT7Ykc5YXUT46F0iKu8SGXq0bcwP5dz/h0Plj6enJqjz1Zbq2l5WaqYnrVbwWOWMyF3F47g==",
          "dev": true
        }
      }
    },
    "svg-term": {
      "version": "1.1.7",
      "resolved": "https://registry.npmjs.org/svg-term/-/svg-term-1.1.7.tgz",
      "integrity": "sha1-FhAepZYqR5aMVJnKn3c+NCwQwv0=",
      "dev": true,
      "requires": {
        "@stiligita/constants": "^1.0.0-0",
        "@stiligita/core": "^1.0.0-0",
        "@stiligita/keyframes": "^1.0.0-0",
        "@stiligita/react": "^1.0.0-0",
        "@stiligita/stylesheets": "^1.0.0-0",
        "@types/react": "^16.0.31",
        "@types/react-dom": "^16.0.3",
        "abcq": "^0.2.2",
        "ansi-to-rgb": "^1.0.0",
        "load-asciicast": "^1.0.1",
        "lodash": "^4.17.4",
        "object-hash": "^1.2.0",
        "react": "^16.0.0",
        "react-dom": "^16.0.0",
        "tag-hoc": "^1.0.0"
      }
    },
    "tag-hoc": {
      "version": "1.0.0",
      "resolved": "https://registry.npmjs.org/tag-hoc/-/tag-hoc-1.0.0.tgz",
      "integrity": "sha512-pQD+6Kief8nO5saFecplPWnV//FlSF+s7nIjgbLi+qJYd5L/3nrNUGMn6HmtG41mdkkWZXvTkOGlqWcFki3yEg==",
      "dev": true
    },
    "v8flags": {
      "version": "3.1.2",
      "resolved": "https://registry.npmjs.org/v8flags/-/v8flags-3.1.2.tgz",
      "integrity": "sha512-MtivA7GF24yMPte9Rp/BWGCYQNaUj86zeYxV/x2RRJMKagImbbv3u8iJC57lNhWLPcGLJmHcHmFWkNsplbbLWw==",
      "dev": true,
      "requires": {
        "homedir-polyfill": "^1.0.1"
      }
    }
  }
}
