{
	"name": "@whook/example",
	"version": "5.1.1",
	"lockfileVersion": 1,
	"requires": true,
	"dependencies": {
		"http-auth-utils": {
			"version": "2.6.0",
			"resolved": "https://registry.npmjs.org/http-auth-utils/-/http-auth-utils-2.6.0.tgz",
			"integrity": "sha512-IPr1ZsdcNkYv8FmFw1MnRovZ/3JI3plQVeqH+ZYPJgaQVrvZ4nO2oMCkmTGg+au/uF2OYRn/Vcua/ZDkULtDfQ==",
			"requires": {
				"yerror": "^5.0.0"
			},
			"dependencies": {
				"yerror": {
					"version": "5.0.0",
					"resolved": "https://registry.npmjs.org/yerror/-/yerror-5.0.0.tgz",
					"integrity": "sha512-b4I0lhWrHDcFGVSP5SkSqGL8P+cuIvmoGvWfnm7YLMWMvUwngCZy9qNLjRbnABh02K/q/yFzBBz8dQuUVEoMAw=="
				}
			}
		}
	}
}
