{
	"name": "@whook/cli",
	"version": "3.1.3",
	"lockfileVersion": 1,
	"requires": true,
	"dependencies": {
		"babel-plugin-knifecycle": {
			"version": "1.2.0",
			"resolved": "https://registry.npmjs.org/babel-plugin-knifecycle/-/babel-plugin-knifecycle-1.2.0.tgz",
			"integrity": "sha512-2ysCLLLdOqIwPHbOK+xCBrOhOqHrMm+OEazjlRx5NxM1otNdBmGZeIXXImGdW2bC25QbqmNcJJgvk3OYSE7+xg==",
			"dev": true,
			"requires": {
				"knifecycle": "^8.0.1"
			},
			"dependencies": {
				"debug": {
					"version": "4.1.1",
					"resolved": "https://registry.npmjs.org/debug/-/debug-4.1.1.tgz",
					"integrity": "sha512-pYAIzeRo8J6KPEaJ0VWOh5Pzkbw/RetuzehGM7QRRX5he4fPHx2rdKMB256ehJCkX+XRQm16eZLqLNS8RSZXZw==",
					"dev": true,
					"requires": {
						"ms": "^2.1.1"
					}
				},
				"knifecycle": {
					"version": "8.1.0",
					"resolved": "https://registry.npmjs.org/knifecycle/-/knifecycle-8.1.0.tgz",
					"integrity": "sha512-KO1lHg63tc2tvJXt3t3c2Qks148QUGb3x1kcaAzgE1/9mnRYpk2mpZ8bldNJ0M0UN/9h5yGi7UEaSyGico91fg==",
					"dev": true,
					"requires": {
						"debug": "^4.1.1",
						"yerror": "^5.0.0"
					}
				},
				"ms": {
					"version": "2.1.2",
					"resolved": "https://registry.npmjs.org/ms/-/ms-2.1.2.tgz",
					"integrity": "sha512-sGkPx+VjMtmA6MX27oA4FBFELFCZZ4S4XqeGOXCv68tT+jb3vk/RyaKWP0PTKyWtmLSM0b+adUTEvbs1PEaH2w==",
					"dev": true
				},
				"yerror": {
					"version": "5.0.0",
					"resolved": "https://registry.npmjs.org/yerror/-/yerror-5.0.0.tgz",
					"integrity": "sha512-b4I0lhWrHDcFGVSP5SkSqGL8P+cuIvmoGvWfnm7YLMWMvUwngCZy9qNLjRbnABh02K/q/yFzBBz8dQuUVEoMAw==",
					"dev": true
				}
			}
		}
	}
}
