{
	"name": "@whook/authorization",
	"version": "7.0.0",
	"lockfileVersion": 1,
	"requires": true,
	"dependencies": {
		"knifecycle": {
			"version": "11.0.1",
			"resolved": "https://registry.npmjs.org/knifecycle/-/knifecycle-11.0.1.tgz",
			"integrity": "sha512-6WVLiE0MVFRfL8ar4BAR2bqLQMZdjZS0jpo3M3WBED0UWT/vL9+LMWLKo75Gl/BF56GcANjZLP0nAVUNx6TBvw==",
			"requires": {
				"debug": "^4.2.0",
				"type-fest": "^0.19.0",
				"yerror": "^5.0.0"
			},
			"dependencies": {
				"debug": {
					"version": "4.3.1",
					"resolved": "https://registry.npmjs.org/debug/-/debug-4.3.1.tgz",
					"integrity": "sha512-doEwdvm4PCeK4K3RQN2ZC2BYUBaxwLARCqZmMjtF8a51J2Rb0xpVloFRnCODwqjpwnAoao4pelN8l3RJdv3gRQ==",
					"requires": {
						"ms": "2.1.2"
					}
				},
				"ms": {
					"version": "2.1.2",
					"resolved": "https://registry.npmjs.org/ms/-/ms-2.1.2.tgz",
					"integrity": "sha512-sGkPx+VjMtmA6MX27oA4FBFELFCZZ4S4XqeGOXCv68tT+jb3vk/RyaKWP0PTKyWtmLSM0b+adUTEvbs1PEaH2w=="
				},
				"type-fest": {
					"version": "0.19.0",
					"resolved": "https://registry.npmjs.org/type-fest/-/type-fest-0.19.0.tgz",
					"integrity": "sha512-6lN0zC9ItzVv3jq9NicSaqo7PUjTNnmxGBECiJbz8Vv2TWaGW15mJTBS2BHZUlEKRsclzZzp8gHnBe4kzQRNfg=="
				},
				"yerror": {
					"version": "5.0.0",
					"resolved": "https://registry.npmjs.org/yerror/-/yerror-5.0.0.tgz",
					"integrity": "sha512-b4I0lhWrHDcFGVSP5SkSqGL8P+cuIvmoGvWfnm7YLMWMvUwngCZy9qNLjRbnABh02K/q/yFzBBz8dQuUVEoMAw=="
				}
			}
		}
	}
}
