{
	"name": "@whook/authorization",
	"version": "4.0.0-alpha.34",
	"lockfileVersion": 1,
	"requires": true,
	"dependencies": {
		"http-auth-utils": {
			"version": "2.4.0",
			"resolved": "https://registry.npmjs.org/http-auth-utils/-/http-auth-utils-2.4.0.tgz",
			"integrity": "sha512-T7vqrRN61s9TD9W8BFR36Q8/SOjzFiZajdPVGSxc9Ax8xvx8yeMYi+efKZhOeexsX5w8R97uT3AdaVBiA/CjLA==",
			"requires": {
				"yerror": "^5.0.0"
			},
			"dependencies": {
				"yerror": {
					"version": "5.0.0",
					"resolved": "https://registry.npmjs.org/yerror/-/yerror-5.0.0.tgz",
					"integrity": "sha512-b4I0lhWrHDcFGVSP5SkSqGL8P+cuIvmoGvWfnm7YLMWMvUwngCZy9qNLjRbnABh02K/q/yFzBBz8dQuUVEoMAw=="
				}
			}
		}
	}
}
