{
	"name": "@whook/swagger-ui",
	"version": "7.1.5",
	"lockfileVersion": 1,
	"requires": true,
	"dependencies": {
		"axios": {
			"version": "0.21.1",
			"resolved": "https://registry.npmjs.org/axios/-/axios-0.21.1.tgz",
			"integrity": "sha512-dKQiRHxGD9PPRIUNIWvZhPTPpl1rf/OxTYKsqKUDjBwYylTvV7SjSHJb9ratfyzM6wCdLCOYLzs73qpg5c4iGA==",
			"requires": {
				"follow-redirects": "^1.10.0"
			},
			"dependencies": {
				"follow-redirects": {
					"version": "1.13.2",
					"resolved": "https://registry.npmjs.org/follow-redirects/-/follow-redirects-1.13.2.tgz",
					"integrity": "sha512-6mPTgLxYm3r6Bkkg0vNM0HTjfGrOEtsfbhagQvbxDEsEkpNhw582upBaoRZylzen6krEmxXJgt9Ju6HiI4O7BA=="
				}
			}
		},
		"openapi-types": {
			"version": "7.0.1",
			"resolved": "https://registry.npmjs.org/openapi-types/-/openapi-types-7.0.1.tgz",
			"integrity": "sha512-6pi4/Fw+JIW1HHda2Ij7LRJ5QJ8f6YzaXnsRA6m44BJz8nLq/j5gVFzPBKJo+uOFhAeHqZC/3uzhTpYPga3Q/A=="
		}
	}
}
